
Microsoft Visual Studio Solution File, Format Version 12.00
# Visual Studio 15
VisualStudioVersion = 15.0.26730.15
MinimumVisualStudioVersion = 10.0.40219.1
Project("{FAE04EC0-301F-11D3-BF4B-00C04F79EFBC}") = "KovarCodingDojo2", "KovarCodingDojo2\KovarCodingDojo2.csproj", "{19086B6B-830E-43DB-BDE0-81775234CEF8}"
EndProject
Global
	GlobalSection(SolutionConfigurationPlatforms) = preSolution
		Debug|Any CPU = Debug|Any CPU
		Release|Any CPU = Release|Any CPU
	EndGlobalSection
	GlobalSection(ProjectConfigurationPlatforms) = postSolution
		{19086B6B-830E-43DB-BDE0-81775234CEF8}.Debug|Any CPU.ActiveCfg = Debug|Any CPU
		{19086B6B-830E-43DB-BDE0-81775234CEF8}.Debug|Any CPU.Build.0 = Debug|Any CPU
		{19086B6B-830E-43DB-BDE0-81775234CEF8}.Release|Any CPU.ActiveCfg = Release|Any CPU
		{19086B6B-830E-43DB-BDE0-81775234CEF8}.Release|Any CPU.Build.0 = Release|Any CPU
	EndGlobalSection
	GlobalSection(SolutionProperties) = preSolution
		HideSolutionNode = FALSE
	EndGlobalSection
	GlobalSection(ExtensibilityGlobals) = postSolution
		SolutionGuid = {6A3C2D2F-E124-4611-BE3D-FC9A37489DF3}
	EndGlobalSection
EndGlobal
